
Microsoft Visual Studio Solution File, Format Version 12.00
# Visual Studio 14
VisualStudioVersion = 14.0.24720.0
MinimumVisualStudioVersion = 10.0.40219.1
Project("{FAE04EC0-301F-11D3-BF4B-00C04F79EFBC}") = "AzureQueues", "AzureQueues\AzureQueues.csproj", "{A5EF1EC7-C8B6-48F4-B749-C3B8A6114BC8}"
EndProject
Project("{FAE04EC0-301F-11D3-BF4B-00C04F79EFBC}") = "NotificationListenerWebJob", "NotificationListenerWebJob\NotificationListenerWebJob.csproj", "{C3C678AC-0F2B-454A-93AB-14B570A849FD}"
EndProject
Global
	GlobalSection(SolutionConfigurationPlatforms) = preSolution
		Debug|Any CPU = Debug|Any CPU
		Release|Any CPU = Release|Any CPU
	EndGlobalSection
	GlobalSection(ProjectConfigurationPlatforms) = postSolution
		{A5EF1EC7-C8B6-48F4-B749-C3B8A6114BC8}.Debug|Any CPU.ActiveCfg = Debug|Any CPU
		{A5EF1EC7-C8B6-48F4-B749-C3B8A6114BC8}.Debug|Any CPU.Build.0 = Debug|Any CPU
		{A5EF1EC7-C8B6-48F4-B749-C3B8A6114BC8}.Release|Any CPU.ActiveCfg = Release|Any CPU
		{A5EF1EC7-C8B6-48F4-B749-C3B8A6114BC8}.Release|Any CPU.Build.0 = Release|Any CPU
		{C3C678AC-0F2B-454A-93AB-14B570A849FD}.Debug|Any CPU.ActiveCfg = Debug|Any CPU
		{C3C678AC-0F2B-454A-93AB-14B570A849FD}.Debug|Any CPU.Build.0 = Debug|Any CPU
		{C3C678AC-0F2B-454A-93AB-14B570A849FD}.Release|Any CPU.ActiveCfg = Release|Any CPU
		{C3C678AC-0F2B-454A-93AB-14B570A849FD}.Release|Any CPU.Build.0 = Release|Any CPU
	EndGlobalSection
	GlobalSection(SolutionProperties) = preSolution
		HideSolutionNode = FALSE
	EndGlobalSection
EndGlobal
